{
  "name": "mjs-tests",
  "version": "1.0.0",
  "lockfileVersion": 3,
  "requires": true,
  "packages": {
    "": {
      "name": "mjs-tests",
      "version": "1.0.0",
      "license": "ISC",
      "dependencies": {
        "vlayer-web-proof": "file:../../../vlayer-web-proof.tgz"
      }
    },
    "node_modules/typescript": {
      "version": "5.8.3",
      "resolved": "https://registry.npmjs.org/typescript/-/typescript-5.8.3.tgz",
      "integrity": "sha512-p1diW6TqL9L07nNxvRMM7hMMw4c5XOo/1ibL4aAIGmSAt9slTE1Xgw5KWuof2uTOvCg9BY7ZRi+GaF+7sfgPeQ==",
      "peer": true,
      "bin": {
        "tsc": "bin/tsc",
        "tsserver": "bin/tsserver"
      },
      "engines": {
        "node": ">=14.17"
      }
    },
    "node_modules/vlayer-web-proof": {
      "version": "1.0.0",
      "resolved": "file:../../../vlayer-web-proof.tgz",
      "integrity": "sha512-gKCP2HBdiPAjQdUFlZAxf9i9Sye4zrMd0FTsogmskPYzr1UCd/ziKDucCSQWPllX2YkrNdMivSJ0nQbYIuW4Uw==",
      "cpu": [
        "x64",
        "arm64"
      ],
      "license": "MIT",
      "os": [
        "linux",
        "darwin",
        "win32"
      ],
      "engines": {
        "node": ">=18.0.0"
      },
      "peerDependencies": {
        "typescript": "^5"
      }
    }
  }
}
